// !$*UTF8*$!
{
	archiveVersion = 1;
	classes = {
	};
	objectVersion = 50;
	objects = {

/* Begin PBXBuildFile section */
		1771B2B22515AA86007B7B57 /* migli-smile.png in Resources */ = {isa = PBXBuildFile; fileRef = 1771B2B12515AA86007B7B57 /* migli-smile.png */; };
		1771B2B62515ACB4007B7B57 /* Assets.xcassets in Resources */ = {isa = PBXBuildFile; fileRef = 1771B2B52515ACB4007B7B57 /* Assets.xcassets */; };
		1792E416251600DB00EDBFDD /* ice_tea.json in Resources */ = {isa = PBXBuildFile; fileRef = 1792E415251600DB00EDBFDD /* ice_tea.json */; };
		476787C425155F5000E5512F /* AppDelegate.swift in Sources */ = {isa = PBXBuildFile; fileRef = 476787C325155F5000E5512F /* AppDelegate.swift */; };
		476787C625155F5000E5512F /* ContentView.swift in Sources */ = {isa = PBXBuildFile; fileRef = 476787C525155F5000E5512F /* ContentView.swift */; };
		476787C825155F5000E5512F /* Experience.rcproject in Sources */ = {isa = PBXBuildFile; fileRef = 476787C725155F5000E5512F /* Experience.rcproject */; };
		476787CD25155F5100E5512F /* Preview Assets.xcassets in Resources */ = {isa = PBXBuildFile; fileRef = 476787CC25155F5100E5512F /* Preview Assets.xcassets */; };
		476787D025155F5100E5512F /* LaunchScreen.storyboard in Resources */ = {isa = PBXBuildFile; fileRef = 476787CE25155F5100E5512F /* LaunchScreen.storyboard */; };
		47F7FBF62515EA7E0085F3BB /* AssistantView.swift in Sources */ = {isa = PBXBuildFile; fileRef = 47F7FBF52515EA7E0085F3BB /* AssistantView.swift */; };
/* End PBXBuildFile section */

/* Begin PBXFileReference section */
		1771B2B12515AA86007B7B57 /* migli-smile.png */ = {isa = PBXFileReference; lastKnownFileType = image.png; path = "migli-smile.png"; sourceTree = "<group>"; };
		1771B2B52515ACB4007B7B57 /* Assets.xcassets */ = {isa = PBXFileReference; lastKnownFileType = folder.assetcatalog; path = Assets.xcassets; sourceTree = "<group>"; };
		1792E415251600DB00EDBFDD /* ice_tea.json */ = {isa = PBXFileReference; fileEncoding = 4; lastKnownFileType = text.json; path = ice_tea.json; sourceTree = "<group>"; };
		476787C025155F5000E5512F /* Migli.app */ = {isa = PBXFileReference; explicitFileType = wrapper.application; includeInIndex = 0; path = Migli.app; sourceTree = BUILT_PRODUCTS_DIR; };
		476787C325155F5000E5512F /* AppDelegate.swift */ = {isa = PBXFileReference; lastKnownFileType = sourcecode.swift; path = AppDelegate.swift; sourceTree = "<group>"; };
		476787C525155F5000E5512F /* ContentView.swift */ = {isa = PBXFileReference; lastKnownFileType = sourcecode.swift; path = ContentView.swift; sourceTree = "<group>"; };
		476787C725155F5000E5512F /* Experience.rcproject */ = {isa = PBXFileReference; lastKnownFileType = file.rcproject; path = Experience.rcproject; sourceTree = "<group>"; };
		476787CC25155F5100E5512F /* Preview Assets.xcassets */ = {isa = PBXFileReference; lastKnownFileType = folder.assetcatalog; path = "Preview Assets.xcassets"; sourceTree = "<group>"; };
		476787CF25155F5100E5512F /* Base */ = {isa = PBXFileReference; lastKnownFileType = file.storyboard; name = Base; path = Base.lproj/LaunchScreen.storyboard; sourceTree = "<group>"; };
		476787D125155F5100E5512F /* Info.plist */ = {isa = PBXFileReference; lastKnownFileType = text.plist.xml; path = Info.plist; sourceTree = "<group>"; };
		47F7FBF52515EA7E0085F3BB /* AssistantView.swift */ = {isa = PBXFileReference; lastKnownFileType = sourcecode.swift; path = AssistantView.swift; sourceTree = "<group>"; };
/* End PBXFileReference section */

/* Begin PBXFrameworksBuildPhase section */
		476787BD25155F5000E5512F /* Frameworks */ = {
			isa = PBXFrameworksBuildPhase;
			buildActionMask = 2147483647;
			files = (
			);
			runOnlyForDeploymentPostprocessing = 0;
		};
/* End PBXFrameworksBuildPhase section */

/* Begin PBXGroup section */
		476787B725155F5000E5512F = {
			isa = PBXGroup;
			children = (
				1771B2B12515AA86007B7B57 /* migli-smile.png */,
				476787C225155F5000E5512F /* Migli */,
				476787C125155F5000E5512F /* Products */,
			);
			sourceTree = "<group>";
		};
		476787C125155F5000E5512F /* Products */ = {
			isa = PBXGroup;
			children = (
				476787C025155F5000E5512F /* Migli.app */,
			);
			name = Products;
			sourceTree = "<group>";
		};
		476787C225155F5000E5512F /* Migli */ = {
			isa = PBXGroup;
			children = (
				476787C325155F5000E5512F /* AppDelegate.swift */,
				47F7FBF52515EA7E0085F3BB /* AssistantView.swift */,
				476787C525155F5000E5512F /* ContentView.swift */,
				476787C725155F5000E5512F /* Experience.rcproject */,
				1771B2B52515ACB4007B7B57 /* Assets.xcassets */,
				476787CE25155F5100E5512F /* LaunchScreen.storyboard */,
				476787D125155F5100E5512F /* Info.plist */,
				1792E415251600DB00EDBFDD /* ice_tea.json */,
				476787CB25155F5100E5512F /* Preview Content */,
			);
			path = Migli;
			sourceTree = "<group>";
		};
		476787CB25155F5100E5512F /* Preview Content */ = {
			isa = PBXGroup;
			children = (
				476787CC25155F5100E5512F /* Preview Assets.xcassets */,
			);
			path = "Preview Content";
			sourceTree = "<group>";
		};
/* End PBXGroup section */

/* Begin PBXNativeTarget section */
		476787BF25155F5000E5512F /* Migli */ = {
			isa = PBXNativeTarget;
			buildConfigurationList = 476787D425155F5100E5512F /* Build configuration list for PBXNativeTarget "Migli" */;
			buildPhases = (
				476787BC25155F5000E5512F /* Sources */,
				476787BD25155F5000E5512F /* Frameworks */,
				476787BE25155F5000E5512F /* Resources */,
			);
			buildRules = (
			);
			dependencies = (
			);
			name = Migli;
			productName = Migli;
			productReference = 476787C025155F5000E5512F /* Migli.app */;
			productType = "com.apple.product-type.application";
		};
/* End PBXNativeTarget section */

/* Begin PBXProject section */
		476787B825155F5000E5512F /* Project object */ = {
			isa = PBXProject;
			attributes = {
				LastSwiftUpdateCheck = 1170;
				LastUpgradeCheck = 1170;
				ORGANIZATIONNAME = "Roger Kreienbuehl";
				TargetAttributes = {
					476787BF25155F5000E5512F = {
						CreatedOnToolsVersion = 11.7;
					};
				};
			};
			buildConfigurationList = 476787BB25155F5000E5512F /* Build configuration list for PBXProject "Migli" */;
			compatibilityVersion = "Xcode 9.3";
			developmentRegion = en;
			hasScannedForEncodings = 0;
			knownRegions = (
				en,
				Base,
			);
			mainGroup = 476787B725155F5000E5512F;
			productRefGroup = 476787C125155F5000E5512F /* Products */;
			projectDirPath = "";
			projectRoot = "";
			targets = (
				476787BF25155F5000E5512F /* Migli */,
			);
		};
/* End PBXProject section */

/* Begin PBXResourcesBuildPhase section */
		476787BE25155F5000E5512F /* Resources */ = {
			isa = PBXResourcesBuildPhase;
			buildActionMask = 2147483647;
			files = (
				476787D025155F5100E5512F /* LaunchScreen.storyboard in Resources */,
				476787CD25155F5100E5512F /* Preview Assets.xcassets in Resources */,
				1771B2B62515ACB4007B7B57 /* Assets.xcassets in Resources */,
				1771B2B22515AA86007B7B57 /* migli-smile.png in Resources */,
				1792E416251600DB00EDBFDD /* ice_tea.json in Resources */,
			);
			runOnlyForDeploymentPostprocessing = 0;
		};
/* End PBXResourcesBuildPhase section */

/* Begin PBXSourcesBuildPhase section */
		476787BC25155F5000E5512F /* Sources */ = {
			isa = PBXSourcesBuildPhase;
			buildActionMask = 2147483647;
			files = (
				476787C625155F5000E5512F /* ContentView.swift in Sources */,
				476787C425155F5000E5512F /* AppDelegate.swift in Sources */,
				476787C825155F5000E5512F /* Experience.rcproject in Sources */,
				47F7FBF62515EA7E0085F3BB /* AssistantView.swift in Sources */,
			);
			runOnlyForDeploymentPostprocessing = 0;
		};
/* End PBXSourcesBuildPhase section */

/* Begin PBXVariantGroup section */
		476787CE25155F5100E5512F /* LaunchScreen.storyboard */ = {
			isa = PBXVariantGroup;
			children = (
				476787CF25155F5100E5512F /* Base */,
			);
			name = LaunchScreen.storyboard;
			sourceTree = "<group>";
		};
/* End PBXVariantGroup section */

/* Begin XCBuildConfiguration section */
		476787D225155F5100E5512F /* Debug */ = {
			isa = XCBuildConfiguration;
			buildSettings = {
				ALWAYS_SEARCH_USER_PATHS = NO;
				CLANG_ANALYZER_NONNULL = YES;
				CLANG_ANALYZER_NUMBER_OBJECT_CONVERSION = YES_AGGRESSIVE;
				CLANG_CXX_LANGUAGE_STANDARD = "gnu++14";
				CLANG_CXX_LIBRARY = "libc++";
				CLANG_ENABLE_MODULES = YES;
				CLANG_ENABLE_OBJC_ARC = YES;
				CLANG_ENABLE_OBJC_WEAK = YES;
				CLANG_WARN_BLOCK_CAPTURE_AUTORELEASING = YES;
				CLANG_WARN_BOOL_CONVERSION = YES;
				CLANG_WARN_COMMA = YES;
				CLANG_WARN_CONSTANT_CONVERSION = YES;
				CLANG_WARN_DEPRECATED_OBJC_IMPLEMENTATIONS = YES;
				CLANG_WARN_DIRECT_OBJC_ISA_USAGE = YES_ERROR;
				CLANG_WARN_DOCUMENTATION_COMMENTS = YES;
				CLANG_WARN_EMPTY_BODY = YES;
				CLANG_WARN_ENUM_CONVERSION = YES;
				CLANG_WARN_INFINITE_RECURSION = YES;
				CLANG_WARN_INT_CONVERSION = YES;
				CLANG_WARN_NON_LITERAL_NULL_CONVERSION = YES;
				CLANG_WARN_OBJC_IMPLICIT_RETAIN_SELF = YES;
				CLANG_WARN_OBJC_LITERAL_CONVERSION = YES;
				CLANG_WARN_OBJC_ROOT_CLASS = YES_ERROR;
				CLANG_WARN_RANGE_LOOP_ANALYSIS = YES;
				CLANG_WARN_STRICT_PROTOTYPES = YES;
				CLANG_WARN_SUSPICIOUS_MOVE = YES;
				CLANG_WARN_UNGUARDED_AVAILABILITY = YES_AGGRESSIVE;
				CLANG_WARN_UNREACHABLE_CODE = YES;
				CLANG_WARN__DUPLICATE_METHOD_MATCH = YES;
				COPY_PHASE_STRIP = NO;
				DEBUG_INFORMATION_FORMAT = dwarf;
				ENABLE_STRICT_OBJC_MSGSEND = YES;
				ENABLE_TESTABILITY = YES;
				GCC_C_LANGUAGE_STANDARD = gnu11;
				GCC_DYNAMIC_NO_PIC = NO;
				GCC_NO_COMMON_BLOCKS = YES;
				GCC_OPTIMIZATION_LEVEL = 0;
				GCC_PREPROCESSOR_DEFINITIONS = (
					"DEBUG=1",
					"$(inherited)",
				);
				GCC_WARN_64_TO_32_BIT_CONVERSION = YES;
				GCC_WARN_ABOUT_RETURN_TYPE = YES_ERROR;
				GCC_WARN_UNDECLARED_SELECTOR = YES;
				GCC_WARN_UNINITIALIZED_AUTOS = YES_AGGRESSIVE;
				GCC_WARN_UNUSED_FUNCTION = YES;
				GCC_WARN_UNUSED_VARIABLE = YES;
				IPHONEOS_DEPLOYMENT_TARGET = 13.7;
				MTL_ENABLE_DEBUG_INFO = INCLUDE_SOURCE;
				MTL_FAST_MATH = YES;
				ONLY_ACTIVE_ARCH = YES;
				SDKROOT = iphoneos;
				SWIFT_ACTIVE_COMPILATION_CONDITIONS = DEBUG;
				SWIFT_OPTIMIZATION_LEVEL = "-Onone";
			};
			name = Debug;
		};
		476787D325155F5100E5512F /* Release */ = {
			isa = XCBuildConfiguration;
			buildSettings = {
				ALWAYS_SEARCH_USER_PATHS = NO;
				CLANG_ANALYZER_NONNULL = YES;
				CLANG_ANALYZER_NUMBER_OBJECT_CONVERSION = YES_AGGRESSIVE;
				CLANG_CXX_LANGUAGE_STANDARD = "gnu++14";
				CLANG_CXX_LIBRARY = "libc++";
				CLANG_ENABLE_MODULES = YES;
				CLANG_ENABLE_OBJC_ARC = YES;
				CLANG_ENABLE_OBJC_WEAK = YES;
				CLANG_WARN_BLOCK_CAPTURE_AUTORELEASING = YES;
				CLANG_WARN_BOOL_CONVERSION = YES;
				CLANG_WARN_COMMA = YES;
				CLANG_WARN_CONSTANT_CONVERSION = YES;
				CLANG_WARN_DEPRECATED_OBJC_IMPLEMENTATIONS = YES;
				CLANG_WARN_DIRECT_OBJC_ISA_USAGE = YES_ERROR;
				CLANG_WARN_DOCUMENTATION_COMMENTS = YES;
				CLANG_WARN_EMPTY_BODY = YES;
				CLANG_WARN_ENUM_CONVERSION = YES;
				CLANG_WARN_INFINITE_RECURSION = YES;
				CLANG_WARN_INT_CONVERSION = YES;
				CLANG_WARN_NON_LITERAL_NULL_CONVERSION = YES;
				CLANG_WARN_OBJC_IMPLICIT_RETAIN_SELF = YES;
				CLANG_WARN_OBJC_LITERAL_CONVERSION = YES;
				CLANG_WARN_OBJC_ROOT_CLASS = YES_ERROR;
				CLANG_WARN_RANGE_LOOP_ANALYSIS = YES;
				CLANG_WARN_STRICT_PROTOTYPES = YES;
				CLANG_WARN_SUSPICIOUS_MOVE = YES;
				CLANG_WARN_UNGUARDED_AVAILABILITY = YES_AGGRESSIVE;
				CLANG_WARN_UNREACHABLE_CODE = YES;
				CLANG_WARN__DUPLICATE_METHOD_MATCH = YES;
				COPY_PHASE_STRIP = NO;
				DEBUG_INFORMATION_FORMAT = "dwarf-with-dsym";
				ENABLE_NS_ASSERTIONS = NO;
				ENABLE_STRICT_OBJC_MSGSEND = YES;
				GCC_C_LANGUAGE_STANDARD = gnu11;
				GCC_NO_COMMON_BLOCKS = YES;
				GCC_WARN_64_TO_32_BIT_CONVERSION = YES;
				GCC_WARN_ABOUT_RETURN_TYPE = YES_ERROR;
				GCC_WARN_UNDECLARED_SELECTOR = YES;
				GCC_WARN_UNINITIALIZED_AUTOS = YES_AGGRESSIVE;
				GCC_WARN_UNUSED_FUNCTION = YES;
				GCC_WARN_UNUSED_VARIABLE = YES;
				IPHONEOS_DEPLOYMENT_TARGET = 13.7;
				MTL_ENABLE_DEBUG_INFO = NO;
				MTL_FAST_MATH = YES;
				SDKROOT = iphoneos;
				SWIFT_COMPILATION_MODE = wholemodule;
				SWIFT_OPTIMIZATION_LEVEL = "-O";
				VALIDATE_PRODUCT = YES;
			};
			name = Release;
		};
		476787D525155F5100E5512F /* Debug */ = {
			isa = XCBuildConfiguration;
			buildSettings = {
				ASSETCATALOG_COMPILER_APPICON_NAME = AppIcon;
				CODE_SIGN_IDENTITY = "Apple Development";
				CODE_SIGN_STYLE = Automatic;
				DEVELOPMENT_ASSET_PATHS = "\"Migli/Preview Content\"";
				DEVELOPMENT_TEAM = 8645K2QD2L;
				ENABLE_PREVIEWS = YES;
				INFOPLIST_FILE = Migli/Info.plist;
				LD_RUNPATH_SEARCH_PATHS = (
					"$(inherited)",
					"@executable_path/Frameworks",
				);
				PRODUCT_BUNDLE_IDENTIFIER = ch.lichtwellenreiter.Migli;
				PRODUCT_NAME = "$(TARGET_NAME)";
				PROVISIONING_PROFILE_SPECIFIER = "";
				SWIFT_VERSION = 5.0;
				TARGETED_DEVICE_FAMILY = 1;
			};
			name = Debug;
		};
		476787D625155F5100E5512F /* Release */ = {
			isa = XCBuildConfiguration;
			buildSettings = {
				ASSETCATALOG_COMPILER_APPICON_NAME = AppIcon;
				CODE_SIGN_IDENTITY = "Apple Development";
				CODE_SIGN_STYLE = Automatic;
				DEVELOPMENT_ASSET_PATHS = "\"Migli/Preview Content\"";
				DEVELOPMENT_TEAM = 8645K2QD2L;
				ENABLE_PREVIEWS = YES;
				INFOPLIST_FILE = Migli/Info.plist;
				LD_RUNPATH_SEARCH_PATHS = (
					"$(inherited)",
					"@executable_path/Frameworks",
				);
				PRODUCT_BUNDLE_IDENTIFIER = ch.lichtwellenreiter.Migli;
				PRODUCT_NAME = "$(TARGET_NAME)";
				PROVISIONING_PROFILE_SPECIFIER = "";
				SWIFT_VERSION = 5.0;
				TARGETED_DEVICE_FAMILY = 1;
			};
			name = Release;
		};
/* End XCBuildConfiguration section */

/* Begin XCConfigurationList section */
		476787BB25155F5000E5512F /* Build configuration list for PBXProject "Migli" */ = {
			isa = XCConfigurationList;
			buildConfigurations = (
				476787D225155F5100E5512F /* Debug */,
				476787D325155F5100E5512F /* Release */,
			);
			defaultConfigurationIsVisible = 0;
			defaultConfigurationName = Release;
		};
		476787D425155F5100E5512F /* Build configuration list for PBXNativeTarget "Migli" */ = {
			isa = XCConfigurationList;
			buildConfigurations = (
				476787D525155F5100E5512F /* Debug */,
				476787D625155F5100E5512F /* Release */,
			);
			defaultConfigurationIsVisible = 0;
			defaultConfigurationName = Release;
		};
/* End XCConfigurationList section */
	};
	rootObject = 476787B825155F5000E5512F /* Project object */;
}
